
Microsoft Visual Studio Solution File, Format Version 12.00
# Visual Studio 15
VisualStudioVersion = 15.0.27703.2026
MinimumVisualStudioVersion = 10.0.40219.1
Project("{FAE04EC0-301F-11D3-BF4B-00C04F79EFBC}") = "Noticias", "Noticias\Noticias.csproj", "{88C66E06-0EE9-436C-8EDF-A5F05670EDA5}"
EndProject
Project("{FAE04EC0-301F-11D3-BF4B-00C04F79EFBC}") = "ConsolaPruebaAPI", "ConsolaPruebaAPI\ConsolaPruebaAPI.csproj", "{13597F7E-8997-4676-AEEF-9989B08FE9F7}"
EndProject
Project("{FAE04EC0-301F-11D3-BF4B-00C04F79EFBC}") = "GoogleAlertAPI", "..\..\..\Desktop\GoogleAlertAPI-master\GoogleAlertAPI.csproj", "{C84F5E1E-F821-4F42-BBDE-DBB45FAB43EF}"
EndProject
Project("{FAE04EC0-301F-11D3-BF4B-00C04F79EFBC}") = "ConsolaAPIGoogleAlert", "ConsolaAPIGoogleAlert\ConsolaAPIGoogleAlert.csproj", "{562E4B90-BF7B-45E3-BE7F-C097982F2FE2}"
EndProject
Project("{FAE04EC0-301F-11D3-BF4B-00C04F79EFBC}") = "DAL", "DAL\DAL.csproj", "{D2A3453D-DA8B-4F27-B9ED-6692018DA255}"
EndProject
Project("{FAE04EC0-301F-11D3-BF4B-00C04F79EFBC}") = "NoticiasMaster", "NoticiasMaster\NoticiasMaster.csproj", "{6BE25A7B-7683-4DF3-8534-E181656E4669}"
EndProject
Global
	GlobalSection(SolutionConfigurationPlatforms) = preSolution
		Debug|Any CPU = Debug|Any CPU
		Release|Any CPU = Release|Any CPU
	EndGlobalSection
	GlobalSection(ProjectConfigurationPlatforms) = postSolution
		{88C66E06-0EE9-436C-8EDF-A5F05670EDA5}.Debug|Any CPU.ActiveCfg = Debug|Any CPU
		{88C66E06-0EE9-436C-8EDF-A5F05670EDA5}.Debug|Any CPU.Build.0 = Debug|Any CPU
		{88C66E06-0EE9-436C-8EDF-A5F05670EDA5}.Release|Any CPU.ActiveCfg = Release|Any CPU
		{88C66E06-0EE9-436C-8EDF-A5F05670EDA5}.Release|Any CPU.Build.0 = Release|Any CPU
		{13597F7E-8997-4676-AEEF-9989B08FE9F7}.Debug|Any CPU.ActiveCfg = Debug|Any CPU
		{13597F7E-8997-4676-AEEF-9989B08FE9F7}.Debug|Any CPU.Build.0 = Debug|Any CPU
		{13597F7E-8997-4676-AEEF-9989B08FE9F7}.Release|Any CPU.ActiveCfg = Release|Any CPU
		{13597F7E-8997-4676-AEEF-9989B08FE9F7}.Release|Any CPU.Build.0 = Release|Any CPU
		{C84F5E1E-F821-4F42-BBDE-DBB45FAB43EF}.Debug|Any CPU.ActiveCfg = Debug|Any CPU
		{C84F5E1E-F821-4F42-BBDE-DBB45FAB43EF}.Debug|Any CPU.Build.0 = Debug|Any CPU
		{C84F5E1E-F821-4F42-BBDE-DBB45FAB43EF}.Release|Any CPU.ActiveCfg = Release|Any CPU
		{C84F5E1E-F821-4F42-BBDE-DBB45FAB43EF}.Release|Any CPU.Build.0 = Release|Any CPU
		{562E4B90-BF7B-45E3-BE7F-C097982F2FE2}.Debug|Any CPU.ActiveCfg = Debug|Any CPU
		{562E4B90-BF7B-45E3-BE7F-C097982F2FE2}.Debug|Any CPU.Build.0 = Debug|Any CPU
		{562E4B90-BF7B-45E3-BE7F-C097982F2FE2}.Release|Any CPU.ActiveCfg = Release|Any CPU
		{562E4B90-BF7B-45E3-BE7F-C097982F2FE2}.Release|Any CPU.Build.0 = Release|Any CPU
		{D2A3453D-DA8B-4F27-B9ED-6692018DA255}.Debug|Any CPU.ActiveCfg = Debug|Any CPU
		{D2A3453D-DA8B-4F27-B9ED-6692018DA255}.Debug|Any CPU.Build.0 = Debug|Any CPU
		{D2A3453D-DA8B-4F27-B9ED-6692018DA255}.Release|Any CPU.ActiveCfg = Release|Any CPU
		{D2A3453D-DA8B-4F27-B9ED-6692018DA255}.Release|Any CPU.Build.0 = Release|Any CPU
		{6BE25A7B-7683-4DF3-8534-E181656E4669}.Debug|Any CPU.ActiveCfg = Debug|Any CPU
		{6BE25A7B-7683-4DF3-8534-E181656E4669}.Debug|Any CPU.Build.0 = Debug|Any CPU
		{6BE25A7B-7683-4DF3-8534-E181656E4669}.Release|Any CPU.ActiveCfg = Release|Any CPU
		{6BE25A7B-7683-4DF3-8534-E181656E4669}.Release|Any CPU.Build.0 = Release|Any CPU
	EndGlobalSection
	GlobalSection(SolutionProperties) = preSolution
		HideSolutionNode = FALSE
	EndGlobalSection
	GlobalSection(ExtensibilityGlobals) = postSolution
		SolutionGuid = {2470A707-449F-43EA-93F2-79A75DE95674}
	EndGlobalSection
EndGlobal
